
Microsoft Visual Studio Solution File, Format Version 12.00
# Visual Studio Version 17
VisualStudioVersion = 17.11.35327.3
MinimumVisualStudioVersion = 10.0.40219.1
Project("{9A19103F-16F7-4668-BE54-9A1E7A4F7556}") = "MauiAppHotel", "MauiAppHotel\MauiAppHotel.csproj", "{BABBB506-9D44-41AA-B656-D67AAC176C7B}"
EndProject
Global
	GlobalSection(SolutionConfigurationPlatforms) = preSolution
		56|Any CPU = 56|Any CPU
		Debug|Any CPU = Debug|Any CPU
		Release|Any CPU = Release|Any CPU
	EndGlobalSection
	GlobalSection(ProjectConfigurationPlatforms) = postSolution
		{BABBB506-9D44-41AA-B656-D67AAC176C7B}.56|Any CPU.ActiveCfg = 56|Any CPU
		{BABBB506-9D44-41AA-B656-D67AAC176C7B}.Debug|Any CPU.ActiveCfg = Debug|Any CPU
		{BABBB506-9D44-41AA-B656-D67AAC176C7B}.Debug|Any CPU.Build.0 = Debug|Any CPU
		{BABBB506-9D44-41AA-B656-D67AAC176C7B}.Debug|Any CPU.Deploy.0 = Debug|Any CPU
		{BABBB506-9D44-41AA-B656-D67AAC176C7B}.Release|Any CPU.ActiveCfg = Release|Any CPU
		{BABBB506-9D44-41AA-B656-D67AAC176C7B}.Release|Any CPU.Build.0 = Release|Any CPU
		{BABBB506-9D44-41AA-B656-D67AAC176C7B}.Release|Any CPU.Deploy.0 = Release|Any CPU
	EndGlobalSection
	GlobalSection(SolutionProperties) = preSolution
		HideSolutionNode = FALSE
	EndGlobalSection
	GlobalSection(ExtensibilityGlobals) = postSolution
		SolutionGuid = {6798523C-21D4-415D-85B8-E6DF4A560AEB}
	EndGlobalSection
EndGlobal
